uuid: ad8a07b6-f135-4e26-9505-c0aa814c17b5
langcode: ro
status: true
dependencies:
  module:
    - dicto_views
  theme:
    - thex_amp
id: thex_amp_searchblock
theme: thex_amp
region: header
weight: -5
provider: null
plugin: dicto_views_search_block
settings:
  id: dicto_views_search_block
  label: 'Search Block'
  provider: dicto_views
  label_display: '0'
visibility: {  }
