uuid: f6d2e444-c9a1-49e5-9c78-a2d76cb2ed90
langcode: ro
status: true
dependencies:
  module:
    - dicto_views
  theme:
    - thex_amp
id: danknessblock
theme: thex_amp
region: header_top_right
weight: -6
provider: null
plugin: dicto_views_dankness_block
settings:
  id: dicto_views_dankness_block
  label: 'Dankness Block'
  provider: dicto_views
  label_display: '0'
visibility: {  }
