uuid: 7f00c113-03c4-4f7e-8677-ef28e7ff1288
langcode: ro
status: true
dependencies:
  module:
    - dicto_views
  theme:
    - thex
id: danknessblock
theme: thex
region: header_top_right
weight: 0
provider: null
plugin: dicto_views_dankness_block
settings:
  id: dicto_views_dankness_block
  label: 'Dankness Block'
  label_display: '0'
  provider: dicto_views
visibility: {  }
