uuid: 3640ffb7-148e-450c-8abd-69769c5e22d1
langcode: ro
status: true
dependencies:
  module:
    - dicto_views
  theme:
    - thex_amp
id: thex_amp_danknessblock
theme: thex_amp
region: header_top_right
weight: 0
provider: null
plugin: dicto_views_dankness_block
settings:
  id: dicto_views_dankness_block
  label: 'Dankness Block'
  label_display: '0'
  provider: dicto_views
visibility: {  }
